<?xml version="1.0" encoding="utf-8"?>
<Project ToolsVersion="4.0" xmlns="http://schemas.microsoft.com/developer/msbuild/2003">
  <ItemGroup>
    <Filter Include="Source Files">
      <UniqueIdentifier>{4FC737F1-C7A5-4376-A066-2A32D752A2FF}</UniqueIdentifier>
      <Extensions>cpp;c;cc;cxx;def;odl;idl;hpj;bat;asm;asmx</Extensions>
    </Filter>
    <Filter Include="Header Files">
      <UniqueIdentifier>{93995380-89BD-4b04-88EB-625FBE52EBFB}</UniqueIdentifier>
      <Extensions>h;hh;hpp;hxx;hm;inl;inc;ipp;xsd</Extensions>
    </Filter>
    <Filter Include="Resource Files">
      <UniqueIdentifier>{67DA6AB6-F800-4c08-8B7A-83BB121AAD01}</UniqueIdentifier>
      <Extensions>rc;ico;cur;bmp;dlg;rc2;rct;bin;rgs;gif;jpg;jpeg;jpe;resx;tiff;tif;png;wav;mfcribbon-ms</Extensions>
    </Filter>
  </ItemGroup>
  <ItemGroup>
    <ClCompile Include="src\Application.cpp">
      <Filter>Source Files</Filter>
    </ClCompile>
    <ClCompile Include="src\lesson\LegacyOpenGLLesson.cpp">
      <Filter>Source Files</Filter>
    </ClCompile>
    <ClCompile Include="src\lesson\OpenGLLesson.cpp">
      <Filter>Source Files</Filter>
    </ClCompile>
    <ClCompile Include="src\lesson\OpenGLLessonFactory.cpp">
      <Filter>Source Files</Filter>
    </ClCompile>
    <ClCompile Include="src\lesson\ModernOpenGLBasicLesson.cpp">
      <Filter>Source Files</Filter>
    </ClCompile>
    <ClCompile Include="src\lesson\LearnOpenGLLesson.cpp">
      <Filter>Source Files</Filter>
    </ClCompile>
    <ClCompile Include="src\ext\glad.c">
      <Filter>Source Files</Filter>
    </ClCompile>
    <ClCompile Include="src\opengl\RenderEngine.cpp">
      <Filter>Source Files</Filter>
    </ClCompile>
    <ClCompile Include="src\opengl\vertex\VBO.cpp">
      <Filter>Source Files</Filter>
    </ClCompile>
    <ClCompile Include="src\opengl\vertex\EBO.cpp">
      <Filter>Source Files</Filter>
    </ClCompile>
    <ClCompile Include="src\opengl\vertex\VAO.cpp">
      <Filter>Source Files</Filter>
    </ClCompile>
    <ClCompile Include="src\opengl\vertex\PositionColorVAO.cpp">
      <Filter>Source Files</Filter>
    </ClCompile>
    <ClCompile Include="src\opengl\vertex\VAOBuilder.cpp">
      <Filter>Source Files</Filter>
    </ClCompile>
    <ClCompile Include="src\opengl\shader\ShaderProgram.cpp">
      <Filter>Source Files</Filter>
    </ClCompile>
    <ClCompile Include="src\opengl\shader\Shader.cpp">
      <Filter>Source Files</Filter>
    </ClCompile>
    <ClCompile Include="src\utilities\FileParser.cpp">
      <Filter>Source Files</Filter>
    </ClCompile>
    <ClCompile Include="src\opengl\factory\PositionColorGraphicComponentsFactory.cpp">
      <Filter>Source Files</Filter>
    </ClCompile>
  </ItemGroup>
  <ItemGroup>
    <ClInclude Include="header\lesson\LegacyOpenGLLesson.h">
      <Filter>Header Files</Filter>
    </ClInclude>
    <ClInclude Include="header\lesson\OpenGLLesson.h">
      <Filter>Header Files</Filter>
    </ClInclude>
    <ClInclude Include="header\lesson\OpenGLLessonFactory.h">
      <Filter>Header Files</Filter>
    </ClInclude>
    <ClInclude Include="header\lesson\ModernOpenGLBasicLesson.h">
      <Filter>Header Files</Filter>
    </ClInclude>
    <ClInclude Include="header\lesson\LearnOpenGLLesson.h">
      <Filter>Header Files</Filter>
    </ClInclude>
    <ClInclude Include="header\opengl\RenderEngine.h">
      <Filter>Header Files</Filter>
    </ClInclude>
    <ClInclude Include="header\opengl\vertex\VBO.h">
      <Filter>Header Files</Filter>
    </ClInclude>
    <ClInclude Include="header\opengl\vertex\EBO.h">
      <Filter>Header Files</Filter>
    </ClInclude>
    <ClInclude Include="header\opengl\vertex\VAO.h">
      <Filter>Header Files</Filter>
    </ClInclude>
    <ClInclude Include="header\opengl\vertex\PositionColorVAO.h">
      <Filter>Header Files</Filter>
    </ClInclude>
    <ClInclude Include="header\opengl\vertex\VAOBuilder.h">
      <Filter>Header Files</Filter>
    </ClInclude>
    <ClInclude Include="header\opengl\vertex\VAOType.h">
      <Filter>Header Files</Filter>
    </ClInclude>
    <ClInclude Include="header\opengl\shader\ShaderProgram.h">
      <Filter>Header Files</Filter>
    </ClInclude>
    <ClInclude Include="header\opengl\shader\Shader.h">
      <Filter>Header Files</Filter>
    </ClInclude>
    <ClInclude Include="header\utilities\FileParser.h">
      <Filter>Header Files</Filter>
    </ClInclude>
    <ClInclude Include="header\opengl\factory\GraphicComponentsFactory.h">
      <Filter>Header Files</Filter>
    </ClInclude>
    <ClInclude Include="header\opengl\factory\PositionColorGraphicComponentsFactory.h">
      <Filter>Header Files</Filter>
    </ClInclude>
  </ItemGroup>
  <ItemGroup>
    <None Include="res\shaders\position_color_fragment.shader" />
    <None Include="res\shaders\position_color_vertex.shader" />
  </ItemGroup>
</Project>